// !$*UTF8*$!
{
	archiveVersion = 1;
	classes = {
	};
	objectVersion = 46;
	objects = {

/* Begin PBXBuildFile section */
		7AFBC37B1CBA0C7000FD1DA3 /* AppDelegate.swift in Sources */ = {isa = PBXBuildFile; fileRef = 7AFBC37A1CBA0C7000FD1DA3 /* AppDelegate.swift */; };
		7AFBC37D1CBA0C7000FD1DA3 /* ViewController.swift in Sources */ = {isa = PBXBuildFile; fileRef = 7AFBC37C1CBA0C7000FD1DA3 /* ViewController.swift */; };
		7AFBC3801CBA0C7000FD1DA3 /* Main.storyboard in Resources */ = {isa = PBXBuildFile; fileRef = 7AFBC37E1CBA0C7000FD1DA3 /* Main.storyboard */; };
		7AFBC3831CBA0C7000FD1DA3 /* BankManager.xcdatamodeld in Sources */ = {isa = PBXBuildFile; fileRef = 7AFBC3811CBA0C7000FD1DA3 /* BankManager.xcdatamodeld */; };
		7AFBC3851CBA0C7000FD1DA3 /* Assets.xcassets in Resources */ = {isa = PBXBuildFile; fileRef = 7AFBC3841CBA0C7000FD1DA3 /* Assets.xcassets */; };
		7AFBC3881CBA0C7000FD1DA3 /* LaunchScreen.storyboard in Resources */ = {isa = PBXBuildFile; fileRef = 7AFBC3861CBA0C7000FD1DA3 /* LaunchScreen.storyboard */; };
		7AFBC3931CBA0C7100FD1DA3 /* BankManagerTests.swift in Sources */ = {isa = PBXBuildFile; fileRef = 7AFBC3921CBA0C7100FD1DA3 /* BankManagerTests.swift */; };
		7AFBC39E1CBA0C7100FD1DA3 /* BankManagerUITests.swift in Sources */ = {isa = PBXBuildFile; fileRef = 7AFBC39D1CBA0C7100FD1DA3 /* BankManagerUITests.swift */; };
		7AFBC3AF1CBA26F100FD1DA3 /* BalanceVC.swift in Sources */ = {isa = PBXBuildFile; fileRef = 7AFBC3AE1CBA26F100FD1DA3 /* BalanceVC.swift */; };
		7AFBC3B11CBA272700FD1DA3 /* KindIncomeVC.swift in Sources */ = {isa = PBXBuildFile; fileRef = 7AFBC3B01CBA272700FD1DA3 /* KindIncomeVC.swift */; };
		7AFBC3B31CBA274B00FD1DA3 /* IncomeVC.swift in Sources */ = {isa = PBXBuildFile; fileRef = 7AFBC3B21CBA274B00FD1DA3 /* IncomeVC.swift */; };
		7AFBC3B51CBA278D00FD1DA3 /* KindExpenseVC.swift in Sources */ = {isa = PBXBuildFile; fileRef = 7AFBC3B41CBA278D00FD1DA3 /* KindExpenseVC.swift */; };
		7AFBC3B71CBA27A800FD1DA3 /* ExpenseVC.swift in Sources */ = {isa = PBXBuildFile; fileRef = 7AFBC3B61CBA27A800FD1DA3 /* ExpenseVC.swift */; };
		7AFBC3B91CBA27E600FD1DA3 /* MonthTableVC.swift in Sources */ = {isa = PBXBuildFile; fileRef = 7AFBC3B81CBA27E600FD1DA3 /* MonthTableVC.swift */; };
		7AFBC3BB1CBA27FB00FD1DA3 /* ReportVC.swift in Sources */ = {isa = PBXBuildFile; fileRef = 7AFBC3BA1CBA27FB00FD1DA3 /* ReportVC.swift */; };
		7AFBC3C61CBA45A500FD1DA3 /* Balance+CoreDataProperties.swift in Sources */ = {isa = PBXBuildFile; fileRef = 7AFBC3BE1CBA45A500FD1DA3 /* Balance+CoreDataProperties.swift */; };
		7AFBC3C71CBA45A500FD1DA3 /* Balance.swift in Sources */ = {isa = PBXBuildFile; fileRef = 7AFBC3BF1CBA45A500FD1DA3 /* Balance.swift */; };
		7AFBC3C81CBA45A500FD1DA3 /* Expense+CoreDataProperties.swift in Sources */ = {isa = PBXBuildFile; fileRef = 7AFBC3C01CBA45A500FD1DA3 /* Expense+CoreDataProperties.swift */; };
		7AFBC3C91CBA45A500FD1DA3 /* Expense.swift in Sources */ = {isa = PBXBuildFile; fileRef = 7AFBC3C11CBA45A500FD1DA3 /* Expense.swift */; };
		7AFBC3CA1CBA45A500FD1DA3 /* Income+CoreDataProperties.swift in Sources */ = {isa = PBXBuildFile; fileRef = 7AFBC3C21CBA45A500FD1DA3 /* Income+CoreDataProperties.swift */; };
		7AFBC3CB1CBA45A500FD1DA3 /* Income.swift in Sources */ = {isa = PBXBuildFile; fileRef = 7AFBC3C31CBA45A500FD1DA3 /* Income.swift */; };
		7AFBC3CF1CBA516200FD1DA3 /* Month+CoreDataProperties.swift in Sources */ = {isa = PBXBuildFile; fileRef = 7AFBC3CD1CBA516200FD1DA3 /* Month+CoreDataProperties.swift */; };
		7AFBC3D01CBA516200FD1DA3 /* Month.swift in Sources */ = {isa = PBXBuildFile; fileRef = 7AFBC3CE1CBA516200FD1DA3 /* Month.swift */; };
/* End PBXBuildFile section */

/* Begin PBXContainerItemProxy section */
		7AFBC38F1CBA0C7100FD1DA3 /* PBXContainerItemProxy */ = {
			isa = PBXContainerItemProxy;
			containerPortal = 7AFBC36F1CBA0C7000FD1DA3 /* Project object */;
			proxyType = 1;
			remoteGlobalIDString = 7AFBC3761CBA0C7000FD1DA3;
			remoteInfo = BankManager;
		};
		7AFBC39A1CBA0C7100FD1DA3 /* PBXContainerItemProxy */ = {
			isa = PBXContainerItemProxy;
			containerPortal = 7AFBC36F1CBA0C7000FD1DA3 /* Project object */;
			proxyType = 1;
			remoteGlobalIDString = 7AFBC3761CBA0C7000FD1DA3;
			remoteInfo = BankManager;
		};
/* End PBXContainerItemProxy section */

/* Begin PBXFileReference section */
		7AFBC3771CBA0C7000FD1DA3 /* BankManager.app */ = {isa = PBXFileReference; explicitFileType = wrapper.application; includeInIndex = 0; path = BankManager.app; sourceTree = BUILT_PRODUCTS_DIR; };
		7AFBC37A1CBA0C7000FD1DA3 /* AppDelegate.swift */ = {isa = PBXFileReference; lastKnownFileType = sourcecode.swift; path = AppDelegate.swift; sourceTree = "<group>"; };
		7AFBC37C1CBA0C7000FD1DA3 /* ViewController.swift */ = {isa = PBXFileReference; lastKnownFileType = sourcecode.swift; path = ViewController.swift; sourceTree = "<group>"; };
		7AFBC37F1CBA0C7000FD1DA3 /* Base */ = {isa = PBXFileReference; lastKnownFileType = file.storyboard; name = Base; path = Base.lproj/Main.storyboard; sourceTree = "<group>"; };
		7AFBC3821CBA0C7000FD1DA3 /* BankManager.xcdatamodel */ = {isa = PBXFileReference; lastKnownFileType = wrapper.xcdatamodel; path = BankManager.xcdatamodel; sourceTree = "<group>"; };
		7AFBC3841CBA0C7000FD1DA3 /* Assets.xcassets */ = {isa = PBXFileReference; lastKnownFileType = folder.assetcatalog; path = Assets.xcassets; sourceTree = "<group>"; };
		7AFBC3871CBA0C7000FD1DA3 /* Base */ = {isa = PBXFileReference; lastKnownFileType = file.storyboard; name = Base; path = Base.lproj/LaunchScreen.storyboard; sourceTree = "<group>"; };
		7AFBC3891CBA0C7000FD1DA3 /* Info.plist */ = {isa = PBXFileReference; lastKnownFileType = text.plist.xml; path = Info.plist; sourceTree = "<group>"; };
		7AFBC38E1CBA0C7000FD1DA3 /* BankManagerTests.xctest */ = {isa = PBXFileReference; explicitFileType = wrapper.cfbundle; includeInIndex = 0; path = BankManagerTests.xctest; sourceTree = BUILT_PRODUCTS_DIR; };
		7AFBC3921CBA0C7100FD1DA3 /* BankManagerTests.swift */ = {isa = PBXFileReference; lastKnownFileType = sourcecode.swift; path = BankManagerTests.swift; sourceTree = "<group>"; };
		7AFBC3941CBA0C7100FD1DA3 /* Info.plist */ = {isa = PBXFileReference; lastKnownFileType = text.plist.xml; path = Info.plist; sourceTree = "<group>"; };
		7AFBC3991CBA0C7100FD1DA3 /* BankManagerUITests.xctest */ = {isa = PBXFileReference; explicitFileType = wrapper.cfbundle; includeInIndex = 0; path = BankManagerUITests.xctest; sourceTree = BUILT_PRODUCTS_DIR; };
		7AFBC39D1CBA0C7100FD1DA3 /* BankManagerUITests.swift */ = {isa = PBXFileReference; lastKnownFileType = sourcecode.swift; path = BankManagerUITests.swift; sourceTree = "<group>"; };
		7AFBC39F1CBA0C7100FD1DA3 /* Info.plist */ = {isa = PBXFileReference; lastKnownFileType = text.plist.xml; path = Info.plist; sourceTree = "<group>"; };
		7AFBC3AE1CBA26F100FD1DA3 /* BalanceVC.swift */ = {isa = PBXFileReference; fileEncoding = 4; lastKnownFileType = sourcecode.swift; path = BalanceVC.swift; sourceTree = "<group>"; };
		7AFBC3B01CBA272700FD1DA3 /* KindIncomeVC.swift */ = {isa = PBXFileReference; fileEncoding = 4; lastKnownFileType = sourcecode.swift; path = KindIncomeVC.swift; sourceTree = "<group>"; };
		7AFBC3B21CBA274B00FD1DA3 /* IncomeVC.swift */ = {isa = PBXFileReference; fileEncoding = 4; lastKnownFileType = sourcecode.swift; path = IncomeVC.swift; sourceTree = "<group>"; };
		7AFBC3B41CBA278D00FD1DA3 /* KindExpenseVC.swift */ = {isa = PBXFileReference; fileEncoding = 4; lastKnownFileType = sourcecode.swift; path = KindExpenseVC.swift; sourceTree = "<group>"; };
		7AFBC3B61CBA27A800FD1DA3 /* ExpenseVC.swift */ = {isa = PBXFileReference; fileEncoding = 4; lastKnownFileType = sourcecode.swift; path = ExpenseVC.swift; sourceTree = "<group>"; };
		7AFBC3B81CBA27E600FD1DA3 /* MonthTableVC.swift */ = {isa = PBXFileReference; fileEncoding = 4; lastKnownFileType = sourcecode.swift; path = MonthTableVC.swift; sourceTree = "<group>"; };
		7AFBC3BA1CBA27FB00FD1DA3 /* ReportVC.swift */ = {isa = PBXFileReference; fileEncoding = 4; lastKnownFileType = sourcecode.swift; path = ReportVC.swift; sourceTree = "<group>"; };
		7AFBC3BE1CBA45A500FD1DA3 /* Balance+CoreDataProperties.swift */ = {isa = PBXFileReference; fileEncoding = 4; lastKnownFileType = sourcecode.swift; name = "Balance+CoreDataProperties.swift"; path = "../Balance+CoreDataProperties.swift"; sourceTree = "<group>"; };
		7AFBC3BF1CBA45A500FD1DA3 /* Balance.swift */ = {isa = PBXFileReference; fileEncoding = 4; lastKnownFileType = sourcecode.swift; name = Balance.swift; path = ../Balance.swift; sourceTree = "<group>"; };
		7AFBC3C01CBA45A500FD1DA3 /* Expense+CoreDataProperties.swift */ = {isa = PBXFileReference; fileEncoding = 4; lastKnownFileType = sourcecode.swift; name = "Expense+CoreDataProperties.swift"; path = "../Expense+CoreDataProperties.swift"; sourceTree = "<group>"; };
		7AFBC3C11CBA45A500FD1DA3 /* Expense.swift */ = {isa = PBXFileReference; fileEncoding = 4; lastKnownFileType = sourcecode.swift; name = Expense.swift; path = ../Expense.swift; sourceTree = "<group>"; };
		7AFBC3C21CBA45A500FD1DA3 /* Income+CoreDataProperties.swift */ = {isa = PBXFileReference; fileEncoding = 4; lastKnownFileType = sourcecode.swift; name = "Income+CoreDataProperties.swift"; path = "../Income+CoreDataProperties.swift"; sourceTree = "<group>"; };
		7AFBC3C31CBA45A500FD1DA3 /* Income.swift */ = {isa = PBXFileReference; fileEncoding = 4; lastKnownFileType = sourcecode.swift; name = Income.swift; path = ../Income.swift; sourceTree = "<group>"; };
		7AFBC3CD1CBA516200FD1DA3 /* Month+CoreDataProperties.swift */ = {isa = PBXFileReference; fileEncoding = 4; lastKnownFileType = sourcecode.swift; name = "Month+CoreDataProperties.swift"; path = "../Month+CoreDataProperties.swift"; sourceTree = "<group>"; };
		7AFBC3CE1CBA516200FD1DA3 /* Month.swift */ = {isa = PBXFileReference; fileEncoding = 4; lastKnownFileType = sourcecode.swift; name = Month.swift; path = ../Month.swift; sourceTree = "<group>"; };
/* End PBXFileReference section */

/* Begin PBXFrameworksBuildPhase section */
		7AFBC3741CBA0C7000FD1DA3 /* Frameworks */ = {
			isa = PBXFrameworksBuildPhase;
			buildActionMask = 2147483647;
			files = (
			);
			runOnlyForDeploymentPostprocessing = 0;
		};
		7AFBC38B1CBA0C7000FD1DA3 /* Frameworks */ = {
			isa = PBXFrameworksBuildPhase;
			buildActionMask = 2147483647;
			files = (
			);
			runOnlyForDeploymentPostprocessing = 0;
		};
		7AFBC3961CBA0C7100FD1DA3 /* Frameworks */ = {
			isa = PBXFrameworksBuildPhase;
			buildActionMask = 2147483647;
			files = (
			);
			runOnlyForDeploymentPostprocessing = 0;
		};
/* End PBXFrameworksBuildPhase section */

/* Begin PBXGroup section */
		7AFBC36E1CBA0C7000FD1DA3 = {
			isa = PBXGroup;
			children = (
				7AFBC3791CBA0C7000FD1DA3 /* BankManager */,
				7AFBC3911CBA0C7100FD1DA3 /* BankManagerTests */,
				7AFBC39C1CBA0C7100FD1DA3 /* BankManagerUITests */,
				7AFBC3781CBA0C7000FD1DA3 /* Products */,
			);
			sourceTree = "<group>";
		};
		7AFBC3781CBA0C7000FD1DA3 /* Products */ = {
			isa = PBXGroup;
			children = (
				7AFBC3771CBA0C7000FD1DA3 /* BankManager.app */,
				7AFBC38E1CBA0C7000FD1DA3 /* BankManagerTests.xctest */,
				7AFBC3991CBA0C7100FD1DA3 /* BankManagerUITests.xctest */,
			);
			name = Products;
			sourceTree = "<group>";
		};
		7AFBC3791CBA0C7000FD1DA3 /* BankManager */ = {
			isa = PBXGroup;
			children = (
				7AFBC3AD1CBA26B500FD1DA3 /* Controller */,
				7AFBC3AC1CBA26B000FD1DA3 /* View */,
				7AFBC3AB1CBA26AA00FD1DA3 /* Model */,
				7AFBC37A1CBA0C7000FD1DA3 /* AppDelegate.swift */,
				7AFBC3841CBA0C7000FD1DA3 /* Assets.xcassets */,
				7AFBC3891CBA0C7000FD1DA3 /* Info.plist */,
				7AFBC3811CBA0C7000FD1DA3 /* BankManager.xcdatamodeld */,
			);
			path = BankManager;
			sourceTree = "<group>";
		};
		7AFBC3911CBA0C7100FD1DA3 /* BankManagerTests */ = {
			isa = PBXGroup;
			children = (
				7AFBC3921CBA0C7100FD1DA3 /* BankManagerTests.swift */,
				7AFBC3941CBA0C7100FD1DA3 /* Info.plist */,
			);
			path = BankManagerTests;
			sourceTree = "<group>";
		};
		7AFBC39C1CBA0C7100FD1DA3 /* BankManagerUITests */ = {
			isa = PBXGroup;
			children = (
				7AFBC39D1CBA0C7100FD1DA3 /* BankManagerUITests.swift */,
				7AFBC39F1CBA0C7100FD1DA3 /* Info.plist */,
			);
			path = BankManagerUITests;
			sourceTree = "<group>";
		};
		7AFBC3AB1CBA26AA00FD1DA3 /* Model */ = {
			isa = PBXGroup;
			children = (
				7AFBC3CC1CBA45B000FD1DA3 /* CoreData */,
			);
			name = Model;
			sourceTree = "<group>";
		};
		7AFBC3AC1CBA26B000FD1DA3 /* View */ = {
			isa = PBXGroup;
			children = (
				7AFBC3861CBA0C7000FD1DA3 /* LaunchScreen.storyboard */,
				7AFBC37E1CBA0C7000FD1DA3 /* Main.storyboard */,
			);
			name = View;
			sourceTree = "<group>";
		};
		7AFBC3AD1CBA26B500FD1DA3 /* Controller */ = {
			isa = PBXGroup;
			children = (
				7AFBC37C1CBA0C7000FD1DA3 /* ViewController.swift */,
				7AFBC3AE1CBA26F100FD1DA3 /* BalanceVC.swift */,
				7AFBC3B01CBA272700FD1DA3 /* KindIncomeVC.swift */,
				7AFBC3B21CBA274B00FD1DA3 /* IncomeVC.swift */,
				7AFBC3B41CBA278D00FD1DA3 /* KindExpenseVC.swift */,
				7AFBC3B61CBA27A800FD1DA3 /* ExpenseVC.swift */,
				7AFBC3B81CBA27E600FD1DA3 /* MonthTableVC.swift */,
				7AFBC3BA1CBA27FB00FD1DA3 /* ReportVC.swift */,
			);
			name = Controller;
			sourceTree = "<group>";
		};
		7AFBC3CC1CBA45B000FD1DA3 /* CoreData */ = {
			isa = PBXGroup;
			children = (
				7AFBC3CD1CBA516200FD1DA3 /* Month+CoreDataProperties.swift */,
				7AFBC3CE1CBA516200FD1DA3 /* Month.swift */,
				7AFBC3BE1CBA45A500FD1DA3 /* Balance+CoreDataProperties.swift */,
				7AFBC3BF1CBA45A500FD1DA3 /* Balance.swift */,
				7AFBC3C01CBA45A500FD1DA3 /* Expense+CoreDataProperties.swift */,
				7AFBC3C11CBA45A500FD1DA3 /* Expense.swift */,
				7AFBC3C21CBA45A500FD1DA3 /* Income+CoreDataProperties.swift */,
				7AFBC3C31CBA45A500FD1DA3 /* Income.swift */,
			);
			name = CoreData;
			sourceTree = "<group>";
		};
/* End PBXGroup section */

/* Begin PBXNativeTarget section */
		7AFBC3761CBA0C7000FD1DA3 /* BankManager */ = {
			isa = PBXNativeTarget;
			buildConfigurationList = 7AFBC3A21CBA0C7100FD1DA3 /* Build configuration list for PBXNativeTarget "BankManager" */;
			buildPhases = (
				7AFBC3731CBA0C7000FD1DA3 /* Sources */,
				7AFBC3741CBA0C7000FD1DA3 /* Frameworks */,
				7AFBC3751CBA0C7000FD1DA3 /* Resources */,
			);
			buildRules = (
			);
			dependencies = (
			);
			name = BankManager;
			productName = BankManager;
			productReference = 7AFBC3771CBA0C7000FD1DA3 /* BankManager.app */;
			productType = "com.apple.product-type.application";
		};
		7AFBC38D1CBA0C7000FD1DA3 /* BankManagerTests */ = {
			isa = PBXNativeTarget;
			buildConfigurationList = 7AFBC3A51CBA0C7100FD1DA3 /* Build configuration list for PBXNativeTarget "BankManagerTests" */;
			buildPhases = (
				7AFBC38A1CBA0C7000FD1DA3 /* Sources */,
				7AFBC38B1CBA0C7000FD1DA3 /* Frameworks */,
				7AFBC38C1CBA0C7000FD1DA3 /* Resources */,
			);
			buildRules = (
			);
			dependencies = (
				7AFBC3901CBA0C7100FD1DA3 /* PBXTargetDependency */,
			);
			name = BankManagerTests;
			productName = BankManagerTests;
			productReference = 7AFBC38E1CBA0C7000FD1DA3 /* BankManagerTests.xctest */;
			productType = "com.apple.product-type.bundle.unit-test";
		};
		7AFBC3981CBA0C7100FD1DA3 /* BankManagerUITests */ = {
			isa = PBXNativeTarget;
			buildConfigurationList = 7AFBC3A81CBA0C7100FD1DA3 /* Build configuration list for PBXNativeTarget "BankManagerUITests" */;
			buildPhases = (
				7AFBC3951CBA0C7100FD1DA3 /* Sources */,
				7AFBC3961CBA0C7100FD1DA3 /* Frameworks */,
				7AFBC3971CBA0C7100FD1DA3 /* Resources */,
			);
			buildRules = (
			);
			dependencies = (
				7AFBC39B1CBA0C7100FD1DA3 /* PBXTargetDependency */,
			);
			name = BankManagerUITests;
			productName = BankManagerUITests;
			productReference = 7AFBC3991CBA0C7100FD1DA3 /* BankManagerUITests.xctest */;
			productType = "com.apple.product-type.bundle.ui-testing";
		};
/* End PBXNativeTarget section */

/* Begin PBXProject section */
		7AFBC36F1CBA0C7000FD1DA3 /* Project object */ = {
			isa = PBXProject;
			attributes = {
				LastSwiftUpdateCheck = 0730;
				LastUpgradeCheck = 0730;
				ORGANIZATIONNAME = "Red Raven Computing Studios";
				TargetAttributes = {
					7AFBC3761CBA0C7000FD1DA3 = {
						CreatedOnToolsVersion = 7.3;
					};
					7AFBC38D1CBA0C7000FD1DA3 = {
						CreatedOnToolsVersion = 7.3;
						TestTargetID = 7AFBC3761CBA0C7000FD1DA3;
					};
					7AFBC3981CBA0C7100FD1DA3 = {
						CreatedOnToolsVersion = 7.3;
						TestTargetID = 7AFBC3761CBA0C7000FD1DA3;
					};
				};
			};
			buildConfigurationList = 7AFBC3721CBA0C7000FD1DA3 /* Build configuration list for PBXProject "BankManager" */;
			compatibilityVersion = "Xcode 3.2";
			developmentRegion = English;
			hasScannedForEncodings = 0;
			knownRegions = (
				en,
				Base,
			);
			mainGroup = 7AFBC36E1CBA0C7000FD1DA3;
			productRefGroup = 7AFBC3781CBA0C7000FD1DA3 /* Products */;
			projectDirPath = "";
			projectRoot = "";
			targets = (
				7AFBC3761CBA0C7000FD1DA3 /* BankManager */,
				7AFBC38D1CBA0C7000FD1DA3 /* BankManagerTests */,
				7AFBC3981CBA0C7100FD1DA3 /* BankManagerUITests */,
			);
		};
/* End PBXProject section */

/* Begin PBXResourcesBuildPhase section */
		7AFBC3751CBA0C7000FD1DA3 /* Resources */ = {
			isa = PBXResourcesBuildPhase;
			buildActionMask = 2147483647;
			files = (
				7AFBC3881CBA0C7000FD1DA3 /* LaunchScreen.storyboard in Resources */,
				7AFBC3851CBA0C7000FD1DA3 /* Assets.xcassets in Resources */,
				7AFBC3801CBA0C7000FD1DA3 /* Main.storyboard in Resources */,
			);
			runOnlyForDeploymentPostprocessing = 0;
		};
		7AFBC38C1CBA0C7000FD1DA3 /* Resources */ = {
			isa = PBXResourcesBuildPhase;
			buildActionMask = 2147483647;
			files = (
			);
			runOnlyForDeploymentPostprocessing = 0;
		};
		7AFBC3971CBA0C7100FD1DA3 /* Resources */ = {
			isa = PBXResourcesBuildPhase;
			buildActionMask = 2147483647;
			files = (
			);
			runOnlyForDeploymentPostprocessing = 0;
		};
/* End PBXResourcesBuildPhase section */

/* Begin PBXSourcesBuildPhase section */
		7AFBC3731CBA0C7000FD1DA3 /* Sources */ = {
			isa = PBXSourcesBuildPhase;
			buildActionMask = 2147483647;
			files = (
				7AFBC3CF1CBA516200FD1DA3 /* Month+CoreDataProperties.swift in Sources */,
				7AFBC3C91CBA45A500FD1DA3 /* Expense.swift in Sources */,
				7AFBC3D01CBA516200FD1DA3 /* Month.swift in Sources */,
				7AFBC3B91CBA27E600FD1DA3 /* MonthTableVC.swift in Sources */,
				7AFBC3831CBA0C7000FD1DA3 /* BankManager.xcdatamodeld in Sources */,
				7AFBC3CA1CBA45A500FD1DA3 /* Income+CoreDataProperties.swift in Sources */,
				7AFBC3CB1CBA45A500FD1DA3 /* Income.swift in Sources */,
				7AFBC3B31CBA274B00FD1DA3 /* IncomeVC.swift in Sources */,
				7AFBC3AF1CBA26F100FD1DA3 /* BalanceVC.swift in Sources */,
				7AFBC3B71CBA27A800FD1DA3 /* ExpenseVC.swift in Sources */,
				7AFBC37D1CBA0C7000FD1DA3 /* ViewController.swift in Sources */,
				7AFBC3BB1CBA27FB00FD1DA3 /* ReportVC.swift in Sources */,
				7AFBC3C61CBA45A500FD1DA3 /* Balance+CoreDataProperties.swift in Sources */,
				7AFBC37B1CBA0C7000FD1DA3 /* AppDelegate.swift in Sources */,
				7AFBC3C81CBA45A500FD1DA3 /* Expense+CoreDataProperties.swift in Sources */,
				7AFBC3B11CBA272700FD1DA3 /* KindIncomeVC.swift in Sources */,
				7AFBC3C71CBA45A500FD1DA3 /* Balance.swift in Sources */,
				7AFBC3B51CBA278D00FD1DA3 /* KindExpenseVC.swift in Sources */,
			);
			runOnlyForDeploymentPostprocessing = 0;
		};
		7AFBC38A1CBA0C7000FD1DA3 /* Sources */ = {
			isa = PBXSourcesBuildPhase;
			buildActionMask = 2147483647;
			files = (
				7AFBC3931CBA0C7100FD1DA3 /* BankManagerTests.swift in Sources */,
			);
			runOnlyForDeploymentPostprocessing = 0;
		};
		7AFBC3951CBA0C7100FD1DA3 /* Sources */ = {
			isa = PBXSourcesBuildPhase;
			buildActionMask = 2147483647;
			files = (
				7AFBC39E1CBA0C7100FD1DA3 /* BankManagerUITests.swift in Sources */,
			);
			runOnlyForDeploymentPostprocessing = 0;
		};
/* End PBXSourcesBuildPhase section */

/* Begin PBXTargetDependency section */
		7AFBC3901CBA0C7100FD1DA3 /* PBXTargetDependency */ = {
			isa = PBXTargetDependency;
			target = 7AFBC3761CBA0C7000FD1DA3 /* BankManager */;
			targetProxy = 7AFBC38F1CBA0C7100FD1DA3 /* PBXContainerItemProxy */;
		};
		7AFBC39B1CBA0C7100FD1DA3 /* PBXTargetDependency */ = {
			isa = PBXTargetDependency;
			target = 7AFBC3761CBA0C7000FD1DA3 /* BankManager */;
			targetProxy = 7AFBC39A1CBA0C7100FD1DA3 /* PBXContainerItemProxy */;
		};
/* End PBXTargetDependency section */

/* Begin PBXVariantGroup section */
		7AFBC37E1CBA0C7000FD1DA3 /* Main.storyboard */ = {
			isa = PBXVariantGroup;
			children = (
				7AFBC37F1CBA0C7000FD1DA3 /* Base */,
			);
			name = Main.storyboard;
			sourceTree = "<group>";
		};
		7AFBC3861CBA0C7000FD1DA3 /* LaunchScreen.storyboard */ = {
			isa = PBXVariantGroup;
			children = (
				7AFBC3871CBA0C7000FD1DA3 /* Base */,
			);
			name = LaunchScreen.storyboard;
			sourceTree = "<group>";
		};
/* End PBXVariantGroup section */

/* Begin XCBuildConfiguration section */
		7AFBC3A01CBA0C7100FD1DA3 /* Debug */ = {
			isa = XCBuildConfiguration;
			buildSettings = {
				ALWAYS_SEARCH_USER_PATHS = NO;
				CLANG_ANALYZER_NONNULL = YES;
				CLANG_CXX_LANGUAGE_STANDARD = "gnu++0x";
				CLANG_CXX_LIBRARY = "libc++";
				CLANG_ENABLE_MODULES = YES;
				CLANG_ENABLE_OBJC_ARC = YES;
				CLANG_WARN_BOOL_CONVERSION = YES;
				CLANG_WARN_CONSTANT_CONVERSION = YES;
				CLANG_WARN_DIRECT_OBJC_ISA_USAGE = YES_ERROR;
				CLANG_WARN_EMPTY_BODY = YES;
				CLANG_WARN_ENUM_CONVERSION = YES;
				CLANG_WARN_INT_CONVERSION = YES;
				CLANG_WARN_OBJC_ROOT_CLASS = YES_ERROR;
				CLANG_WARN_UNREACHABLE_CODE = YES;
				CLANG_WARN__DUPLICATE_METHOD_MATCH = YES;
				"CODE_SIGN_IDENTITY[sdk=iphoneos*]" = "iPhone Developer";
				COPY_PHASE_STRIP = NO;
				DEBUG_INFORMATION_FORMAT = dwarf;
				ENABLE_STRICT_OBJC_MSGSEND = YES;
				ENABLE_TESTABILITY = YES;
				GCC_C_LANGUAGE_STANDARD = gnu99;
				GCC_DYNAMIC_NO_PIC = NO;
				GCC_NO_COMMON_BLOCKS = YES;
				GCC_OPTIMIZATION_LEVEL = 0;
				GCC_PREPROCESSOR_DEFINITIONS = (
					"DEBUG=1",
					"$(inherited)",
				);
				GCC_WARN_64_TO_32_BIT_CONVERSION = YES;
				GCC_WARN_ABOUT_RETURN_TYPE = YES_ERROR;
				GCC_WARN_UNDECLARED_SELECTOR = YES;
				GCC_WARN_UNINITIALIZED_AUTOS = YES_AGGRESSIVE;
				GCC_WARN_UNUSED_FUNCTION = YES;
				GCC_WARN_UNUSED_VARIABLE = YES;
				IPHONEOS_DEPLOYMENT_TARGET = 9.3;
				MTL_ENABLE_DEBUG_INFO = YES;
				ONLY_ACTIVE_ARCH = YES;
				SDKROOT = iphoneos;
				SWIFT_OPTIMIZATION_LEVEL = "-Onone";
				TARGETED_DEVICE_FAMILY = "1,2";
			};
			name = Debug;
		};
		7AFBC3A11CBA0C7100FD1DA3 /* Release */ = {
			isa = XCBuildConfiguration;
			buildSettings = {
				ALWAYS_SEARCH_USER_PATHS = NO;
				CLANG_ANALYZER_NONNULL = YES;
				CLANG_CXX_LANGUAGE_STANDARD = "gnu++0x";
				CLANG_CXX_LIBRARY = "libc++";
				CLANG_ENABLE_MODULES = YES;
				CLANG_ENABLE_OBJC_ARC = YES;
				CLANG_WARN_BOOL_CONVERSION = YES;
				CLANG_WARN_CONSTANT_CONVERSION = YES;
				CLANG_WARN_DIRECT_OBJC_ISA_USAGE = YES_ERROR;
				CLANG_WARN_EMPTY_BODY = YES;
				CLANG_WARN_ENUM_CONVERSION = YES;
				CLANG_WARN_INT_CONVERSION = YES;
				CLANG_WARN_OBJC_ROOT_CLASS = YES_ERROR;
				CLANG_WARN_UNREACHABLE_CODE = YES;
				CLANG_WARN__DUPLICATE_METHOD_MATCH = YES;
				"CODE_SIGN_IDENTITY[sdk=iphoneos*]" = "iPhone Developer";
				COPY_PHASE_STRIP = NO;
				DEBUG_INFORMATION_FORMAT = "dwarf-with-dsym";
				ENABLE_NS_ASSERTIONS = NO;
				ENABLE_STRICT_OBJC_MSGSEND = YES;
				GCC_C_LANGUAGE_STANDARD = gnu99;
				GCC_NO_COMMON_BLOCKS = YES;
				GCC_WARN_64_TO_32_BIT_CONVERSION = YES;
				GCC_WARN_ABOUT_RETURN_TYPE = YES_ERROR;
				GCC_WARN_UNDECLARED_SELECTOR = YES;
				GCC_WARN_UNINITIALIZED_AUTOS = YES_AGGRESSIVE;
				GCC_WARN_UNUSED_FUNCTION = YES;
				GCC_WARN_UNUSED_VARIABLE = YES;
				IPHONEOS_DEPLOYMENT_TARGET = 9.3;
				MTL_ENABLE_DEBUG_INFO = NO;
				SDKROOT = iphoneos;
				TARGETED_DEVICE_FAMILY = "1,2";
				VALIDATE_PRODUCT = YES;
			};
			name = Release;
		};
		7AFBC3A31CBA0C7100FD1DA3 /* Debug */ = {
			isa = XCBuildConfiguration;
			buildSettings = {
				ASSETCATALOG_COMPILER_APPICON_NAME = AppIcon;
				INFOPLIST_FILE = BankManager/Info.plist;
				LD_RUNPATH_SEARCH_PATHS = "$(inherited) @executable_path/Frameworks";
				PRODUCT_BUNDLE_IDENTIFIER = com.redravencomputing.BankManager;
				PRODUCT_NAME = "$(TARGET_NAME)";
			};
			name = Debug;
		};
		7AFBC3A41CBA0C7100FD1DA3 /* Release */ = {
			isa = XCBuildConfiguration;
			buildSettings = {
				ASSETCATALOG_COMPILER_APPICON_NAME = AppIcon;
				INFOPLIST_FILE = BankManager/Info.plist;
				LD_RUNPATH_SEARCH_PATHS = "$(inherited) @executable_path/Frameworks";
				PRODUCT_BUNDLE_IDENTIFIER = com.redravencomputing.BankManager;
				PRODUCT_NAME = "$(TARGET_NAME)";
			};
			name = Release;
		};
		7AFBC3A61CBA0C7100FD1DA3 /* Debug */ = {
			isa = XCBuildConfiguration;
			buildSettings = {
				BUNDLE_LOADER = "$(TEST_HOST)";
				INFOPLIST_FILE = BankManagerTests/Info.plist;
				LD_RUNPATH_SEARCH_PATHS = "$(inherited) @executable_path/Frameworks @loader_path/Frameworks";
				PRODUCT_BUNDLE_IDENTIFIER = com.redravencomputing.BankManagerTests;
				PRODUCT_NAME = "$(TARGET_NAME)";
				TEST_HOST = "$(BUILT_PRODUCTS_DIR)/BankManager.app/BankManager";
			};
			name = Debug;
		};
		7AFBC3A71CBA0C7100FD1DA3 /* Release */ = {
			isa = XCBuildConfiguration;
			buildSettings = {
				BUNDLE_LOADER = "$(TEST_HOST)";
				INFOPLIST_FILE = BankManagerTests/Info.plist;
				LD_RUNPATH_SEARCH_PATHS = "$(inherited) @executable_path/Frameworks @loader_path/Frameworks";
				PRODUCT_BUNDLE_IDENTIFIER = com.redravencomputing.BankManagerTests;
				PRODUCT_NAME = "$(TARGET_NAME)";
				TEST_HOST = "$(BUILT_PRODUCTS_DIR)/BankManager.app/BankManager";
			};
			name = Release;
		};
		7AFBC3A91CBA0C7100FD1DA3 /* Debug */ = {
			isa = XCBuildConfiguration;
			buildSettings = {
				INFOPLIST_FILE = BankManagerUITests/Info.plist;
				LD_RUNPATH_SEARCH_PATHS = "$(inherited) @executable_path/Frameworks @loader_path/Frameworks";
				PRODUCT_BUNDLE_IDENTIFIER = com.redravencomputing.BankManagerUITests;
				PRODUCT_NAME = "$(TARGET_NAME)";
				TEST_TARGET_NAME = BankManager;
			};
			name = Debug;
		};
		7AFBC3AA1CBA0C7100FD1DA3 /* Release */ = {
			isa = XCBuildConfiguration;
			buildSettings = {
				INFOPLIST_FILE = BankManagerUITests/Info.plist;
				LD_RUNPATH_SEARCH_PATHS = "$(inherited) @executable_path/Frameworks @loader_path/Frameworks";
				PRODUCT_BUNDLE_IDENTIFIER = com.redravencomputing.BankManagerUITests;
				PRODUCT_NAME = "$(TARGET_NAME)";
				TEST_TARGET_NAME = BankManager;
			};
			name = Release;
		};
/* End XCBuildConfiguration section */

/* Begin XCConfigurationList section */
		7AFBC3721CBA0C7000FD1DA3 /* Build configuration list for PBXProject "BankManager" */ = {
			isa = XCConfigurationList;
			buildConfigurations = (
				7AFBC3A01CBA0C7100FD1DA3 /* Debug */,
				7AFBC3A11CBA0C7100FD1DA3 /* Release */,
			);
			defaultConfigurationIsVisible = 0;
			defaultConfigurationName = Release;
		};
		7AFBC3A21CBA0C7100FD1DA3 /* Build configuration list for PBXNativeTarget "BankManager" */ = {
			isa = XCConfigurationList;
			buildConfigurations = (
				7AFBC3A31CBA0C7100FD1DA3 /* Debug */,
				7AFBC3A41CBA0C7100FD1DA3 /* Release */,
			);
			defaultConfigurationIsVisible = 0;
		};
		7AFBC3A51CBA0C7100FD1DA3 /* Build configuration list for PBXNativeTarget "BankManagerTests" */ = {
			isa = XCConfigurationList;
			buildConfigurations = (
				7AFBC3A61CBA0C7100FD1DA3 /* Debug */,
				7AFBC3A71CBA0C7100FD1DA3 /* Release */,
			);
			defaultConfigurationIsVisible = 0;
		};
		7AFBC3A81CBA0C7100FD1DA3 /* Build configuration list for PBXNativeTarget "BankManagerUITests" */ = {
			isa = XCConfigurationList;
			buildConfigurations = (
				7AFBC3A91CBA0C7100FD1DA3 /* Debug */,
				7AFBC3AA1CBA0C7100FD1DA3 /* Release */,
			);
			defaultConfigurationIsVisible = 0;
		};
/* End XCConfigurationList section */

/* Begin XCVersionGroup section */
		7AFBC3811CBA0C7000FD1DA3 /* BankManager.xcdatamodeld */ = {
			isa = XCVersionGroup;
			children = (
				7AFBC3821CBA0C7000FD1DA3 /* BankManager.xcdatamodel */,
			);
			currentVersion = 7AFBC3821CBA0C7000FD1DA3 /* BankManager.xcdatamodel */;
			path = BankManager.xcdatamodeld;
			sourceTree = "<group>";
			versionGroupType = wrapper.xcdatamodel;
		};
/* End XCVersionGroup section */
	};
	rootObject = 7AFBC36F1CBA0C7000FD1DA3 /* Project object */;
}
